// !$*UTF8*$!
{
	archiveVersion = 1;
	classes = {
	};
	objectVersion = 51;
	objects = {

/* Begin PBXBuildFile section */
		30E7D3D6826E5CD5C30B27CD /* Pods_Test_Mister_Auto_Test_Mister_AutoUITests.framework in Frameworks */ = {isa = PBXBuildFile; fileRef = 38FA01E9041E612551A044AB /* Pods_Test_Mister_Auto_Test_Mister_AutoUITests.framework */; };
		47D2D27F25164B6C00B8EBBD /* AppDelegate.swift in Sources */ = {isa = PBXBuildFile; fileRef = 47D2D27E25164B6C00B8EBBD /* AppDelegate.swift */; };
		47D2D28125164B6C00B8EBBD /* SceneDelegate.swift in Sources */ = {isa = PBXBuildFile; fileRef = 47D2D28025164B6C00B8EBBD /* SceneDelegate.swift */; };
		47D2D28625164B6C00B8EBBD /* Main.storyboard in Resources */ = {isa = PBXBuildFile; fileRef = 47D2D28425164B6C00B8EBBD /* Main.storyboard */; };
		47D2D28825164B6E00B8EBBD /* Assets.xcassets in Resources */ = {isa = PBXBuildFile; fileRef = 47D2D28725164B6E00B8EBBD /* Assets.xcassets */; };
		47D2D28B25164B6E00B8EBBD /* LaunchScreen.storyboard in Resources */ = {isa = PBXBuildFile; fileRef = 47D2D28925164B6E00B8EBBD /* LaunchScreen.storyboard */; };
		47D2D29625164B6F00B8EBBD /* Test_Mister_AutoTests.swift in Sources */ = {isa = PBXBuildFile; fileRef = 47D2D29525164B6F00B8EBBD /* Test_Mister_AutoTests.swift */; };
		47D2D2A125164B6F00B8EBBD /* Test_Mister_AutoUITests.swift in Sources */ = {isa = PBXBuildFile; fileRef = 47D2D2A025164B6F00B8EBBD /* Test_Mister_AutoUITests.swift */; };
		47D2D2B42516518E00B8EBBD /* UsersListViewController.swift in Sources */ = {isa = PBXBuildFile; fileRef = 47D2D2B32516518E00B8EBBD /* UsersListViewController.swift */; };
		47D2D2B6251651A000B8EBBD /* TasksListViewController.swift in Sources */ = {isa = PBXBuildFile; fileRef = 47D2D2B5251651A000B8EBBD /* TasksListViewController.swift */; };
		47D2D2B8251651E800B8EBBD /* TasksListViewModel.swift in Sources */ = {isa = PBXBuildFile; fileRef = 47D2D2B7251651E800B8EBBD /* TasksListViewModel.swift */; };
		47D2D2BA251651FA00B8EBBD /* UsersListViewModel.swift in Sources */ = {isa = PBXBuildFile; fileRef = 47D2D2B9251651FA00B8EBBD /* UsersListViewModel.swift */; };
		47D2D2BE2516C6BE00B8EBBD /* UserTableViewCell.swift in Sources */ = {isa = PBXBuildFile; fileRef = 47D2D2BC2516C6BE00B8EBBD /* UserTableViewCell.swift */; };
		47D2D2BF2516C6BE00B8EBBD /* UserTableViewCell.xib in Resources */ = {isa = PBXBuildFile; fileRef = 47D2D2BD2516C6BE00B8EBBD /* UserTableViewCell.xib */; };
		47D2D2C32516CA7900B8EBBD /* UIView+Extension.swift in Sources */ = {isa = PBXBuildFile; fileRef = 47D2D2C22516CA7900B8EBBD /* UIView+Extension.swift */; };
		47D2D2C6251769FB00B8EBBD /* User.swift in Sources */ = {isa = PBXBuildFile; fileRef = 47D2D2C5251769FB00B8EBBD /* User.swift */; };
		47D2D2CD2517945B00B8EBBD /* APIConstants.swift in Sources */ = {isa = PBXBuildFile; fileRef = 47D2D2CC2517945B00B8EBBD /* APIConstants.swift */; };
		47D2D2CF2517947300B8EBBD /* APIRouter.swift in Sources */ = {isa = PBXBuildFile; fileRef = 47D2D2CE2517947300B8EBBD /* APIRouter.swift */; };
		47D2D2D1251794EA00B8EBBD /* APIConfiguration.swift in Sources */ = {isa = PBXBuildFile; fileRef = 47D2D2D0251794EA00B8EBBD /* APIConfiguration.swift */; };
		47D2D2D42517966800B8EBBD /* UserAdapter.swift in Sources */ = {isa = PBXBuildFile; fileRef = 47D2D2D32517966800B8EBBD /* UserAdapter.swift */; };
		47ED93BA25179FE7000CF55C /* UIViewController+Extension.swift in Sources */ = {isa = PBXBuildFile; fileRef = 47ED93B925179FE7000CF55C /* UIViewController+Extension.swift */; };
		95191FFE9044C8A66E85A22F /* Pods_Test_Mister_AutoTests.framework in Frameworks */ = {isa = PBXBuildFile; fileRef = 6EAA32B3EAD3E7B474615C67 /* Pods_Test_Mister_AutoTests.framework */; };
		FF091EBE5EEC699A42297DC1 /* Pods_Test_Mister_Auto.framework in Frameworks */ = {isa = PBXBuildFile; fileRef = 1662CBB9C7B5467BB027AA46 /* Pods_Test_Mister_Auto.framework */; };
/* End PBXBuildFile section */

/* Begin PBXContainerItemProxy section */
		47D2D29225164B6F00B8EBBD /* PBXContainerItemProxy */ = {
			isa = PBXContainerItemProxy;
			containerPortal = 47D2D27325164B6C00B8EBBD /* Project object */;
			proxyType = 1;
			remoteGlobalIDString = 47D2D27A25164B6C00B8EBBD;
			remoteInfo = "Test Mister Auto";
		};
		47D2D29D25164B6F00B8EBBD /* PBXContainerItemProxy */ = {
			isa = PBXContainerItemProxy;
			containerPortal = 47D2D27325164B6C00B8EBBD /* Project object */;
			proxyType = 1;
			remoteGlobalIDString = 47D2D27A25164B6C00B8EBBD;
			remoteInfo = "Test Mister Auto";
		};
/* End PBXContainerItemProxy section */

/* Begin PBXFileReference section */
		1662CBB9C7B5467BB027AA46 /* Pods_Test_Mister_Auto.framework */ = {isa = PBXFileReference; explicitFileType = wrapper.framework; includeInIndex = 0; path = Pods_Test_Mister_Auto.framework; sourceTree = BUILT_PRODUCTS_DIR; };
		16C5688461BA45CA8B22A574 /* Pods-Test Mister Auto.debug.xcconfig */ = {isa = PBXFileReference; includeInIndex = 1; lastKnownFileType = text.xcconfig; name = "Pods-Test Mister Auto.debug.xcconfig"; path = "Target Support Files/Pods-Test Mister Auto/Pods-Test Mister Auto.debug.xcconfig"; sourceTree = "<group>"; };
		38FA01E9041E612551A044AB /* Pods_Test_Mister_Auto_Test_Mister_AutoUITests.framework */ = {isa = PBXFileReference; explicitFileType = wrapper.framework; includeInIndex = 0; path = Pods_Test_Mister_Auto_Test_Mister_AutoUITests.framework; sourceTree = BUILT_PRODUCTS_DIR; };
		3E5A38090FCB0B8892286F00 /* Pods-Test Mister Auto.release.xcconfig */ = {isa = PBXFileReference; includeInIndex = 1; lastKnownFileType = text.xcconfig; name = "Pods-Test Mister Auto.release.xcconfig"; path = "Target Support Files/Pods-Test Mister Auto/Pods-Test Mister Auto.release.xcconfig"; sourceTree = "<group>"; };
		47D2D27B25164B6C00B8EBBD /* Test Mister Auto.app */ = {isa = PBXFileReference; explicitFileType = wrapper.application; includeInIndex = 0; path = "Test Mister Auto.app"; sourceTree = BUILT_PRODUCTS_DIR; };
		47D2D27E25164B6C00B8EBBD /* AppDelegate.swift */ = {isa = PBXFileReference; lastKnownFileType = sourcecode.swift; path = AppDelegate.swift; sourceTree = "<group>"; };
		47D2D28025164B6C00B8EBBD /* SceneDelegate.swift */ = {isa = PBXFileReference; lastKnownFileType = sourcecode.swift; path = SceneDelegate.swift; sourceTree = "<group>"; };
		47D2D28525164B6C00B8EBBD /* Base */ = {isa = PBXFileReference; lastKnownFileType = file.storyboard; name = Base; path = Base.lproj/Main.storyboard; sourceTree = "<group>"; };
		47D2D28725164B6E00B8EBBD /* Assets.xcassets */ = {isa = PBXFileReference; lastKnownFileType = folder.assetcatalog; path = Assets.xcassets; sourceTree = "<group>"; };
		47D2D28A25164B6E00B8EBBD /* Base */ = {isa = PBXFileReference; lastKnownFileType = file.storyboard; name = Base; path = Base.lproj/LaunchScreen.storyboard; sourceTree = "<group>"; };
		47D2D28C25164B6E00B8EBBD /* Info.plist */ = {isa = PBXFileReference; lastKnownFileType = text.plist.xml; path = Info.plist; sourceTree = "<group>"; };
		47D2D29125164B6F00B8EBBD /* Test Mister AutoTests.xctest */ = {isa = PBXFileReference; explicitFileType = wrapper.cfbundle; includeInIndex = 0; path = "Test Mister AutoTests.xctest"; sourceTree = BUILT_PRODUCTS_DIR; };
		47D2D29525164B6F00B8EBBD /* Test_Mister_AutoTests.swift */ = {isa = PBXFileReference; lastKnownFileType = sourcecode.swift; path = Test_Mister_AutoTests.swift; sourceTree = "<group>"; };
		47D2D29725164B6F00B8EBBD /* Info.plist */ = {isa = PBXFileReference; lastKnownFileType = text.plist.xml; path = Info.plist; sourceTree = "<group>"; };
		47D2D29C25164B6F00B8EBBD /* Test Mister AutoUITests.xctest */ = {isa = PBXFileReference; explicitFileType = wrapper.cfbundle; includeInIndex = 0; path = "Test Mister AutoUITests.xctest"; sourceTree = BUILT_PRODUCTS_DIR; };
		47D2D2A025164B6F00B8EBBD /* Test_Mister_AutoUITests.swift */ = {isa = PBXFileReference; lastKnownFileType = sourcecode.swift; path = Test_Mister_AutoUITests.swift; sourceTree = "<group>"; };
		47D2D2A225164B6F00B8EBBD /* Info.plist */ = {isa = PBXFileReference; lastKnownFileType = text.plist.xml; path = Info.plist; sourceTree = "<group>"; };
		47D2D2B32516518E00B8EBBD /* UsersListViewController.swift */ = {isa = PBXFileReference; lastKnownFileType = sourcecode.swift; path = UsersListViewController.swift; sourceTree = "<group>"; };
		47D2D2B5251651A000B8EBBD /* TasksListViewController.swift */ = {isa = PBXFileReference; lastKnownFileType = sourcecode.swift; path = TasksListViewController.swift; sourceTree = "<group>"; };
		47D2D2B7251651E800B8EBBD /* TasksListViewModel.swift */ = {isa = PBXFileReference; lastKnownFileType = sourcecode.swift; path = TasksListViewModel.swift; sourceTree = "<group>"; };
		47D2D2B9251651FA00B8EBBD /* UsersListViewModel.swift */ = {isa = PBXFileReference; lastKnownFileType = sourcecode.swift; path = UsersListViewModel.swift; sourceTree = "<group>"; };
		47D2D2BC2516C6BE00B8EBBD /* UserTableViewCell.swift */ = {isa = PBXFileReference; lastKnownFileType = sourcecode.swift; path = UserTableViewCell.swift; sourceTree = "<group>"; };
		47D2D2BD2516C6BE00B8EBBD /* UserTableViewCell.xib */ = {isa = PBXFileReference; lastKnownFileType = file.xib; path = UserTableViewCell.xib; sourceTree = "<group>"; };
		47D2D2C22516CA7900B8EBBD /* UIView+Extension.swift */ = {isa = PBXFileReference; lastKnownFileType = sourcecode.swift; path = "UIView+Extension.swift"; sourceTree = "<group>"; };
		47D2D2C5251769FB00B8EBBD /* User.swift */ = {isa = PBXFileReference; lastKnownFileType = sourcecode.swift; path = User.swift; sourceTree = "<group>"; };
		47D2D2CC2517945B00B8EBBD /* APIConstants.swift */ = {isa = PBXFileReference; lastKnownFileType = sourcecode.swift; path = APIConstants.swift; sourceTree = "<group>"; };
		47D2D2CE2517947300B8EBBD /* APIRouter.swift */ = {isa = PBXFileReference; lastKnownFileType = sourcecode.swift; path = APIRouter.swift; sourceTree = "<group>"; };
		47D2D2D0251794EA00B8EBBD /* APIConfiguration.swift */ = {isa = PBXFileReference; lastKnownFileType = sourcecode.swift; path = APIConfiguration.swift; sourceTree = "<group>"; };
		47D2D2D32517966800B8EBBD /* UserAdapter.swift */ = {isa = PBXFileReference; lastKnownFileType = sourcecode.swift; path = UserAdapter.swift; sourceTree = "<group>"; };
		47ED93B925179FE7000CF55C /* UIViewController+Extension.swift */ = {isa = PBXFileReference; lastKnownFileType = sourcecode.swift; path = "UIViewController+Extension.swift"; sourceTree = "<group>"; };
		5CE65EB08CAC2C857CF3DF54 /* Pods-Test Mister AutoTests.release.xcconfig */ = {isa = PBXFileReference; includeInIndex = 1; lastKnownFileType = text.xcconfig; name = "Pods-Test Mister AutoTests.release.xcconfig"; path = "Target Support Files/Pods-Test Mister AutoTests/Pods-Test Mister AutoTests.release.xcconfig"; sourceTree = "<group>"; };
		6EAA32B3EAD3E7B474615C67 /* Pods_Test_Mister_AutoTests.framework */ = {isa = PBXFileReference; explicitFileType = wrapper.framework; includeInIndex = 0; path = Pods_Test_Mister_AutoTests.framework; sourceTree = BUILT_PRODUCTS_DIR; };
		7AECB954209CF0E4034767B4 /* Pods-Test Mister Auto-Test Mister AutoUITests.release.xcconfig */ = {isa = PBXFileReference; includeInIndex = 1; lastKnownFileType = text.xcconfig; name = "Pods-Test Mister Auto-Test Mister AutoUITests.release.xcconfig"; path = "Target Support Files/Pods-Test Mister Auto-Test Mister AutoUITests/Pods-Test Mister Auto-Test Mister AutoUITests.release.xcconfig"; sourceTree = "<group>"; };
		CF135C8863FF77268D7D70A4 /* Pods-Test Mister Auto-Test Mister AutoUITests.debug.xcconfig */ = {isa = PBXFileReference; includeInIndex = 1; lastKnownFileType = text.xcconfig; name = "Pods-Test Mister Auto-Test Mister AutoUITests.debug.xcconfig"; path = "Target Support Files/Pods-Test Mister Auto-Test Mister AutoUITests/Pods-Test Mister Auto-Test Mister AutoUITests.debug.xcconfig"; sourceTree = "<group>"; };
		E7B7CAB991F59C9DB87055C8 /* Pods-Test Mister AutoTests.debug.xcconfig */ = {isa = PBXFileReference; includeInIndex = 1; lastKnownFileType = text.xcconfig; name = "Pods-Test Mister AutoTests.debug.xcconfig"; path = "Target Support Files/Pods-Test Mister AutoTests/Pods-Test Mister AutoTests.debug.xcconfig"; sourceTree = "<group>"; };
/* End PBXFileReference section */

/* Begin PBXFrameworksBuildPhase section */
		47D2D27825164B6C00B8EBBD /* Frameworks */ = {
			isa = PBXFrameworksBuildPhase;
			buildActionMask = 2147483647;
			files = (
				FF091EBE5EEC699A42297DC1 /* Pods_Test_Mister_Auto.framework in Frameworks */,
			);
			runOnlyForDeploymentPostprocessing = 0;
		};
		47D2D28E25164B6F00B8EBBD /* Frameworks */ = {
			isa = PBXFrameworksBuildPhase;
			buildActionMask = 2147483647;
			files = (
				95191FFE9044C8A66E85A22F /* Pods_Test_Mister_AutoTests.framework in Frameworks */,
			);
			runOnlyForDeploymentPostprocessing = 0;
		};
		47D2D29925164B6F00B8EBBD /* Frameworks */ = {
			isa = PBXFrameworksBuildPhase;
			buildActionMask = 2147483647;
			files = (
				30E7D3D6826E5CD5C30B27CD /* Pods_Test_Mister_Auto_Test_Mister_AutoUITests.framework in Frameworks */,
			);
			runOnlyForDeploymentPostprocessing = 0;
		};
/* End PBXFrameworksBuildPhase section */

/* Begin PBXGroup section */
		47D2D27225164B6C00B8EBBD = {
			isa = PBXGroup;
			children = (
				47D2D27D25164B6C00B8EBBD /* Test Mister Auto */,
				47D2D29425164B6F00B8EBBD /* Test Mister AutoTests */,
				47D2D29F25164B6F00B8EBBD /* Test Mister AutoUITests */,
				47D2D27C25164B6C00B8EBBD /* Products */,
				F590833F40BBBAAE0C929612 /* Pods */,
				662F5B926A96619FBECA5E69 /* Frameworks */,
			);
			sourceTree = "<group>";
		};
		47D2D27C25164B6C00B8EBBD /* Products */ = {
			isa = PBXGroup;
			children = (
				47D2D27B25164B6C00B8EBBD /* Test Mister Auto.app */,
				47D2D29125164B6F00B8EBBD /* Test Mister AutoTests.xctest */,
				47D2D29C25164B6F00B8EBBD /* Test Mister AutoUITests.xctest */,
			);
			name = Products;
			sourceTree = "<group>";
		};
		47D2D27D25164B6C00B8EBBD /* Test Mister Auto */ = {
			isa = PBXGroup;
			children = (
				47D2D2C4251769F200B8EBBD /* Model */,
				47D2D2C02516CA4600B8EBBD /* Common */,
				47D2D2B025164C8200B8EBBD /* AppDelegate */,
				47D2D2AF25164C6800B8EBBD /* Supporting Files */,
				47D2D2AE25164C5600B8EBBD /* Features */,
			);
			path = "Test Mister Auto";
			sourceTree = "<group>";
		};
		47D2D29425164B6F00B8EBBD /* Test Mister AutoTests */ = {
			isa = PBXGroup;
			children = (
				47D2D29525164B6F00B8EBBD /* Test_Mister_AutoTests.swift */,
				47D2D29725164B6F00B8EBBD /* Info.plist */,
			);
			path = "Test Mister AutoTests";
			sourceTree = "<group>";
		};
		47D2D29F25164B6F00B8EBBD /* Test Mister AutoUITests */ = {
			isa = PBXGroup;
			children = (
				47D2D2A025164B6F00B8EBBD /* Test_Mister_AutoUITests.swift */,
				47D2D2A225164B6F00B8EBBD /* Info.plist */,
			);
			path = "Test Mister AutoUITests";
			sourceTree = "<group>";
		};
		47D2D2AE25164C5600B8EBBD /* Features */ = {
			isa = PBXGroup;
			children = (
				47D2D2B22516515D00B8EBBD /* List Tasks */,
				47D2D2B12516513F00B8EBBD /* List Users */,
				47D2D28425164B6C00B8EBBD /* Main.storyboard */,
			);
			path = Features;
			sourceTree = "<group>";
		};
		47D2D2AF25164C6800B8EBBD /* Supporting Files */ = {
			isa = PBXGroup;
			children = (
				47D2D28925164B6E00B8EBBD /* LaunchScreen.storyboard */,
				47D2D28725164B6E00B8EBBD /* Assets.xcassets */,
				47D2D28C25164B6E00B8EBBD /* Info.plist */,
			);
			path = "Supporting Files";
			sourceTree = "<group>";
		};
		47D2D2B025164C8200B8EBBD /* AppDelegate */ = {
			isa = PBXGroup;
			children = (
				47D2D27E25164B6C00B8EBBD /* AppDelegate.swift */,
				47D2D28025164B6C00B8EBBD /* SceneDelegate.swift */,
			);
			path = AppDelegate;
			sourceTree = "<group>";
		};
		47D2D2B12516513F00B8EBBD /* List Users */ = {
			isa = PBXGroup;
			children = (
				47D2D2BB2516C6A400B8EBBD /* New Group */,
				47D2D2B32516518E00B8EBBD /* UsersListViewController.swift */,
				47D2D2B9251651FA00B8EBBD /* UsersListViewModel.swift */,
			);
			path = "List Users";
			sourceTree = "<group>";
		};
		47D2D2B22516515D00B8EBBD /* List Tasks */ = {
			isa = PBXGroup;
			children = (
				47D2D2B5251651A000B8EBBD /* TasksListViewController.swift */,
				47D2D2B7251651E800B8EBBD /* TasksListViewModel.swift */,
			);
			path = "List Tasks";
			sourceTree = "<group>";
		};
		47D2D2BB2516C6A400B8EBBD /* New Group */ = {
			isa = PBXGroup;
			children = (
				47D2D2BC2516C6BE00B8EBBD /* UserTableViewCell.swift */,
				47D2D2BD2516C6BE00B8EBBD /* UserTableViewCell.xib */,
			);
			path = "New Group";
			sourceTree = "<group>";
		};
		47D2D2C02516CA4600B8EBBD /* Common */ = {
			isa = PBXGroup;
			children = (
				47D2D2D2251795D400B8EBBD /* Adapters */,
				47D2D2C7251791C500B8EBBD /* Network Layer */,
				47D2D2C12516CA5100B8EBBD /* Extensions */,
			);
			path = Common;
			sourceTree = "<group>";
		};
		47D2D2C12516CA5100B8EBBD /* Extensions */ = {
			isa = PBXGroup;
			children = (
				47D2D2C22516CA7900B8EBBD /* UIView+Extension.swift */,
				47ED93B925179FE7000CF55C /* UIViewController+Extension.swift */,
			);
			path = Extensions;
			sourceTree = "<group>";
		};
		47D2D2C4251769F200B8EBBD /* Model */ = {
			isa = PBXGroup;
			children = (
				47D2D2C5251769FB00B8EBBD /* User.swift */,
			);
			path = Model;
			sourceTree = "<group>";
		};
		47D2D2C7251791C500B8EBBD /* Network Layer */ = {
			isa = PBXGroup;
			children = (
				47D2D2CC2517945B00B8EBBD /* APIConstants.swift */,
				47D2D2CE2517947300B8EBBD /* APIRouter.swift */,
				47D2D2D0251794EA00B8EBBD /* APIConfiguration.swift */,
			);
			path = "Network Layer";
			sourceTree = "<group>";
		};
		47D2D2D2251795D400B8EBBD /* Adapters */ = {
			isa = PBXGroup;
			children = (
				47D2D2D32517966800B8EBBD /* UserAdapter.swift */,
			);
			path = Adapters;
			sourceTree = "<group>";
		};
		662F5B926A96619FBECA5E69 /* Frameworks */ = {
			isa = PBXGroup;
			children = (
				1662CBB9C7B5467BB027AA46 /* Pods_Test_Mister_Auto.framework */,
				38FA01E9041E612551A044AB /* Pods_Test_Mister_Auto_Test_Mister_AutoUITests.framework */,
				6EAA32B3EAD3E7B474615C67 /* Pods_Test_Mister_AutoTests.framework */,
			);
			name = Frameworks;
			sourceTree = "<group>";
		};
		F590833F40BBBAAE0C929612 /* Pods */ = {
			isa = PBXGroup;
			children = (
				16C5688461BA45CA8B22A574 /* Pods-Test Mister Auto.debug.xcconfig */,
				3E5A38090FCB0B8892286F00 /* Pods-Test Mister Auto.release.xcconfig */,
				CF135C8863FF77268D7D70A4 /* Pods-Test Mister Auto-Test Mister AutoUITests.debug.xcconfig */,
				7AECB954209CF0E4034767B4 /* Pods-Test Mister Auto-Test Mister AutoUITests.release.xcconfig */,
				E7B7CAB991F59C9DB87055C8 /* Pods-Test Mister AutoTests.debug.xcconfig */,
				5CE65EB08CAC2C857CF3DF54 /* Pods-Test Mister AutoTests.release.xcconfig */,
			);
			path = Pods;
			sourceTree = "<group>";
		};
/* End PBXGroup section */

/* Begin PBXNativeTarget section */
		47D2D27A25164B6C00B8EBBD /* Test Mister Auto */ = {
			isa = PBXNativeTarget;
			buildConfigurationList = 47D2D2A525164B6F00B8EBBD /* Build configuration list for PBXNativeTarget "Test Mister Auto" */;
			buildPhases = (
				387601EE3D4943917AB4AB59 /* [CP] Check Pods Manifest.lock */,
				47D2D27725164B6C00B8EBBD /* Sources */,
				47D2D27825164B6C00B8EBBD /* Frameworks */,
				47D2D27925164B6C00B8EBBD /* Resources */,
				962EF7F929F0F542016D9247 /* [CP] Embed Pods Frameworks */,
			);
			buildRules = (
			);
			dependencies = (
			);
			name = "Test Mister Auto";
			productName = "Test Mister Auto";
			productReference = 47D2D27B25164B6C00B8EBBD /* Test Mister Auto.app */;
			productType = "com.apple.product-type.application";
		};
		47D2D29025164B6F00B8EBBD /* Test Mister AutoTests */ = {
			isa = PBXNativeTarget;
			buildConfigurationList = 47D2D2A825164B6F00B8EBBD /* Build configuration list for PBXNativeTarget "Test Mister AutoTests" */;
			buildPhases = (
				10592D871169919FF1B8669E /* [CP] Check Pods Manifest.lock */,
				47D2D28D25164B6F00B8EBBD /* Sources */,
				47D2D28E25164B6F00B8EBBD /* Frameworks */,
				47D2D28F25164B6F00B8EBBD /* Resources */,
			);
			buildRules = (
			);
			dependencies = (
				47D2D29325164B6F00B8EBBD /* PBXTargetDependency */,
			);
			name = "Test Mister AutoTests";
			productName = "Test Mister AutoTests";
			productReference = 47D2D29125164B6F00B8EBBD /* Test Mister AutoTests.xctest */;
			productType = "com.apple.product-type.bundle.unit-test";
		};
		47D2D29B25164B6F00B8EBBD /* Test Mister AutoUITests */ = {
			isa = PBXNativeTarget;
			buildConfigurationList = 47D2D2AB25164B6F00B8EBBD /* Build configuration list for PBXNativeTarget "Test Mister AutoUITests" */;
			buildPhases = (
				CF98A895D242C8E35A1BFBA5 /* [CP] Check Pods Manifest.lock */,
				47D2D29825164B6F00B8EBBD /* Sources */,
				47D2D29925164B6F00B8EBBD /* Frameworks */,
				47D2D29A25164B6F00B8EBBD /* Resources */,
				71A3256FBEF155EDE025BCAE /* [CP] Embed Pods Frameworks */,
			);
			buildRules = (
			);
			dependencies = (
				47D2D29E25164B6F00B8EBBD /* PBXTargetDependency */,
			);
			name = "Test Mister AutoUITests";
			productName = "Test Mister AutoUITests";
			productReference = 47D2D29C25164B6F00B8EBBD /* Test Mister AutoUITests.xctest */;
			productType = "com.apple.product-type.bundle.ui-testing";
		};
/* End PBXNativeTarget section */

/* Begin PBXProject section */
		47D2D27325164B6C00B8EBBD /* Project object */ = {
			isa = PBXProject;
			attributes = {
				LastSwiftUpdateCheck = 1170;
				LastUpgradeCheck = 1170;
				ORGANIZATIONNAME = "Mohammed Hajajate";
				TargetAttributes = {
					47D2D27A25164B6C00B8EBBD = {
						CreatedOnToolsVersion = 11.7;
					};
					47D2D29025164B6F00B8EBBD = {
						CreatedOnToolsVersion = 11.7;
						TestTargetID = 47D2D27A25164B6C00B8EBBD;
					};
					47D2D29B25164B6F00B8EBBD = {
						CreatedOnToolsVersion = 11.7;
						TestTargetID = 47D2D27A25164B6C00B8EBBD;
					};
				};
			};
			buildConfigurationList = 47D2D27625164B6C00B8EBBD /* Build configuration list for PBXProject "Test Mister Auto" */;
			compatibilityVersion = "Xcode 9.3";
			developmentRegion = en;
			hasScannedForEncodings = 0;
			knownRegions = (
				en,
				Base,
			);
			mainGroup = 47D2D27225164B6C00B8EBBD;
			productRefGroup = 47D2D27C25164B6C00B8EBBD /* Products */;
			projectDirPath = "";
			projectRoot = "";
			targets = (
				47D2D27A25164B6C00B8EBBD /* Test Mister Auto */,
				47D2D29025164B6F00B8EBBD /* Test Mister AutoTests */,
				47D2D29B25164B6F00B8EBBD /* Test Mister AutoUITests */,
			);
		};
/* End PBXProject section */

/* Begin PBXResourcesBuildPhase section */
		47D2D27925164B6C00B8EBBD /* Resources */ = {
			isa = PBXResourcesBuildPhase;
			buildActionMask = 2147483647;
			files = (
				47D2D2BF2516C6BE00B8EBBD /* UserTableViewCell.xib in Resources */,
				47D2D28B25164B6E00B8EBBD /* LaunchScreen.storyboard in Resources */,
				47D2D28825164B6E00B8EBBD /* Assets.xcassets in Resources */,
				47D2D28625164B6C00B8EBBD /* Main.storyboard in Resources */,
			);
			runOnlyForDeploymentPostprocessing = 0;
		};
		47D2D28F25164B6F00B8EBBD /* Resources */ = {
			isa = PBXResourcesBuildPhase;
			buildActionMask = 2147483647;
			files = (
			);
			runOnlyForDeploymentPostprocessing = 0;
		};
		47D2D29A25164B6F00B8EBBD /* Resources */ = {
			isa = PBXResourcesBuildPhase;
			buildActionMask = 2147483647;
			files = (
			);
			runOnlyForDeploymentPostprocessing = 0;
		};
/* End PBXResourcesBuildPhase section */

/* Begin PBXShellScriptBuildPhase section */
		10592D871169919FF1B8669E /* [CP] Check Pods Manifest.lock */ = {
			isa = PBXShellScriptBuildPhase;
			buildActionMask = 2147483647;
			files = (
			);
			inputFileListPaths = (
			);
			inputPaths = (
				"${PODS_PODFILE_DIR_PATH}/Podfile.lock",
				"${PODS_ROOT}/Manifest.lock",
			);
			name = "[CP] Check Pods Manifest.lock";
			outputFileListPaths = (
			);
			outputPaths = (
				"$(DERIVED_FILE_DIR)/Pods-Test Mister AutoTests-checkManifestLockResult.txt",
			);
			runOnlyForDeploymentPostprocessing = 0;
			shellPath = /bin/sh;
			shellScript = "diff \"${PODS_PODFILE_DIR_PATH}/Podfile.lock\" \"${PODS_ROOT}/Manifest.lock\" > /dev/null\nif [ $? != 0 ] ; then\n    # print error to STDERR\n    echo \"error: The sandbox is not in sync with the Podfile.lock. Run 'pod install' or update your CocoaPods installation.\" >&2\n    exit 1\nfi\n# This output is used by Xcode 'outputs' to avoid re-running this script phase.\necho \"SUCCESS\" > \"${SCRIPT_OUTPUT_FILE_0}\"\n";
			showEnvVarsInLog = 0;
		};
		387601EE3D4943917AB4AB59 /* [CP] Check Pods Manifest.lock */ = {
			isa = PBXShellScriptBuildPhase;
			buildActionMask = 2147483647;
			files = (
			);
			inputFileListPaths = (
			);
			inputPaths = (
				"${PODS_PODFILE_DIR_PATH}/Podfile.lock",
				"${PODS_ROOT}/Manifest.lock",
			);
			name = "[CP] Check Pods Manifest.lock";
			outputFileListPaths = (
			);
			outputPaths = (
				"$(DERIVED_FILE_DIR)/Pods-Test Mister Auto-checkManifestLockResult.txt",
			);
			runOnlyForDeploymentPostprocessing = 0;
			shellPath = /bin/sh;
			shellScript = "diff \"${PODS_PODFILE_DIR_PATH}/Podfile.lock\" \"${PODS_ROOT}/Manifest.lock\" > /dev/null\nif [ $? != 0 ] ; then\n    # print error to STDERR\n    echo \"error: The sandbox is not in sync with the Podfile.lock. Run 'pod install' or update your CocoaPods installation.\" >&2\n    exit 1\nfi\n# This output is used by Xcode 'outputs' to avoid re-running this script phase.\necho \"SUCCESS\" > \"${SCRIPT_OUTPUT_FILE_0}\"\n";
			showEnvVarsInLog = 0;
		};
		71A3256FBEF155EDE025BCAE /* [CP] Embed Pods Frameworks */ = {
			isa = PBXShellScriptBuildPhase;
			buildActionMask = 2147483647;
			files = (
			);
			inputFileListPaths = (
				"${PODS_ROOT}/Target Support Files/Pods-Test Mister Auto-Test Mister AutoUITests/Pods-Test Mister Auto-Test Mister AutoUITests-frameworks-${CONFIGURATION}-input-files.xcfilelist",
			);
			name = "[CP] Embed Pods Frameworks";
			outputFileListPaths = (
				"${PODS_ROOT}/Target Support Files/Pods-Test Mister Auto-Test Mister AutoUITests/Pods-Test Mister Auto-Test Mister AutoUITests-frameworks-${CONFIGURATION}-output-files.xcfilelist",
			);
			runOnlyForDeploymentPostprocessing = 0;
			shellPath = /bin/sh;
			shellScript = "\"${PODS_ROOT}/Target Support Files/Pods-Test Mister Auto-Test Mister AutoUITests/Pods-Test Mister Auto-Test Mister AutoUITests-frameworks.sh\"\n";
			showEnvVarsInLog = 0;
		};
		962EF7F929F0F542016D9247 /* [CP] Embed Pods Frameworks */ = {
			isa = PBXShellScriptBuildPhase;
			buildActionMask = 2147483647;
			files = (
			);
			inputFileListPaths = (
				"${PODS_ROOT}/Target Support Files/Pods-Test Mister Auto/Pods-Test Mister Auto-frameworks-${CONFIGURATION}-input-files.xcfilelist",
			);
			name = "[CP] Embed Pods Frameworks";
			outputFileListPaths = (
				"${PODS_ROOT}/Target Support Files/Pods-Test Mister Auto/Pods-Test Mister Auto-frameworks-${CONFIGURATION}-output-files.xcfilelist",
			);
			runOnlyForDeploymentPostprocessing = 0;
			shellPath = /bin/sh;
			shellScript = "\"${PODS_ROOT}/Target Support Files/Pods-Test Mister Auto/Pods-Test Mister Auto-frameworks.sh\"\n";
			showEnvVarsInLog = 0;
		};
		CF98A895D242C8E35A1BFBA5 /* [CP] Check Pods Manifest.lock */ = {
			isa = PBXShellScriptBuildPhase;
			buildActionMask = 2147483647;
			files = (
			);
			inputFileListPaths = (
			);
			inputPaths = (
				"${PODS_PODFILE_DIR_PATH}/Podfile.lock",
				"${PODS_ROOT}/Manifest.lock",
			);
			name = "[CP] Check Pods Manifest.lock";
			outputFileListPaths = (
			);
			outputPaths = (
				"$(DERIVED_FILE_DIR)/Pods-Test Mister Auto-Test Mister AutoUITests-checkManifestLockResult.txt",
			);
			runOnlyForDeploymentPostprocessing = 0;
			shellPath = /bin/sh;
			shellScript = "diff \"${PODS_PODFILE_DIR_PATH}/Podfile.lock\" \"${PODS_ROOT}/Manifest.lock\" > /dev/null\nif [ $? != 0 ] ; then\n    # print error to STDERR\n    echo \"error: The sandbox is not in sync with the Podfile.lock. Run 'pod install' or update your CocoaPods installation.\" >&2\n    exit 1\nfi\n# This output is used by Xcode 'outputs' to avoid re-running this script phase.\necho \"SUCCESS\" > \"${SCRIPT_OUTPUT_FILE_0}\"\n";
			showEnvVarsInLog = 0;
		};
/* End PBXShellScriptBuildPhase section */

/* Begin PBXSourcesBuildPhase section */
		47D2D27725164B6C00B8EBBD /* Sources */ = {
			isa = PBXSourcesBuildPhase;
			buildActionMask = 2147483647;
			files = (
				47D2D2B42516518E00B8EBBD /* UsersListViewController.swift in Sources */,
				47D2D2B6251651A000B8EBBD /* TasksListViewController.swift in Sources */,
				47D2D2C32516CA7900B8EBBD /* UIView+Extension.swift in Sources */,
				47D2D2D42517966800B8EBBD /* UserAdapter.swift in Sources */,
				47ED93BA25179FE7000CF55C /* UIViewController+Extension.swift in Sources */,
				47D2D2D1251794EA00B8EBBD /* APIConfiguration.swift in Sources */,
				47D2D27F25164B6C00B8EBBD /* AppDelegate.swift in Sources */,
				47D2D2BE2516C6BE00B8EBBD /* UserTableViewCell.swift in Sources */,
				47D2D2C6251769FB00B8EBBD /* User.swift in Sources */,
				47D2D2CF2517947300B8EBBD /* APIRouter.swift in Sources */,
				47D2D2CD2517945B00B8EBBD /* APIConstants.swift in Sources */,
				47D2D2BA251651FA00B8EBBD /* UsersListViewModel.swift in Sources */,
				47D2D28125164B6C00B8EBBD /* SceneDelegate.swift in Sources */,
				47D2D2B8251651E800B8EBBD /* TasksListViewModel.swift in Sources */,
			);
			runOnlyForDeploymentPostprocessing = 0;
		};
		47D2D28D25164B6F00B8EBBD /* Sources */ = {
			isa = PBXSourcesBuildPhase;
			buildActionMask = 2147483647;
			files = (
				47D2D29625164B6F00B8EBBD /* Test_Mister_AutoTests.swift in Sources */,
			);
			runOnlyForDeploymentPostprocessing = 0;
		};
		47D2D29825164B6F00B8EBBD /* Sources */ = {
			isa = PBXSourcesBuildPhase;
			buildActionMask = 2147483647;
			files = (
				47D2D2A125164B6F00B8EBBD /* Test_Mister_AutoUITests.swift in Sources */,
			);
			runOnlyForDeploymentPostprocessing = 0;
		};
/* End PBXSourcesBuildPhase section */

/* Begin PBXTargetDependency section */
		47D2D29325164B6F00B8EBBD /* PBXTargetDependency */ = {
			isa = PBXTargetDependency;
			target = 47D2D27A25164B6C00B8EBBD /* Test Mister Auto */;
			targetProxy = 47D2D29225164B6F00B8EBBD /* PBXContainerItemProxy */;
		};
		47D2D29E25164B6F00B8EBBD /* PBXTargetDependency */ = {
			isa = PBXTargetDependency;
			target = 47D2D27A25164B6C00B8EBBD /* Test Mister Auto */;
			targetProxy = 47D2D29D25164B6F00B8EBBD /* PBXContainerItemProxy */;
		};
/* End PBXTargetDependency section */

/* Begin PBXVariantGroup section */
		47D2D28425164B6C00B8EBBD /* Main.storyboard */ = {
			isa = PBXVariantGroup;
			children = (
				47D2D28525164B6C00B8EBBD /* Base */,
			);
			name = Main.storyboard;
			sourceTree = "<group>";
		};
		47D2D28925164B6E00B8EBBD /* LaunchScreen.storyboard */ = {
			isa = PBXVariantGroup;
			children = (
				47D2D28A25164B6E00B8EBBD /* Base */,
			);
			name = LaunchScreen.storyboard;
			sourceTree = "<group>";
		};
/* End PBXVariantGroup section */

/* Begin XCBuildConfiguration section */
		47D2D2A325164B6F00B8EBBD /* Debug */ = {
			isa = XCBuildConfiguration;
			buildSettings = {
				ALWAYS_SEARCH_USER_PATHS = NO;
				CLANG_ANALYZER_NONNULL = YES;
				CLANG_ANALYZER_NUMBER_OBJECT_CONVERSION = YES_AGGRESSIVE;
				CLANG_CXX_LANGUAGE_STANDARD = "gnu++14";
				CLANG_CXX_LIBRARY = "libc++";
				CLANG_ENABLE_MODULES = YES;
				CLANG_ENABLE_OBJC_ARC = YES;
				CLANG_ENABLE_OBJC_WEAK = YES;
				CLANG_WARN_BLOCK_CAPTURE_AUTORELEASING = YES;
				CLANG_WARN_BOOL_CONVERSION = YES;
				CLANG_WARN_COMMA = YES;
				CLANG_WARN_CONSTANT_CONVERSION = YES;
				CLANG_WARN_DEPRECATED_OBJC_IMPLEMENTATIONS = YES;
				CLANG_WARN_DIRECT_OBJC_ISA_USAGE = YES_ERROR;
				CLANG_WARN_DOCUMENTATION_COMMENTS = YES;
				CLANG_WARN_EMPTY_BODY = YES;
				CLANG_WARN_ENUM_CONVERSION = YES;
				CLANG_WARN_INFINITE_RECURSION = YES;
				CLANG_WARN_INT_CONVERSION = YES;
				CLANG_WARN_NON_LITERAL_NULL_CONVERSION = YES;
				CLANG_WARN_OBJC_IMPLICIT_RETAIN_SELF = YES;
				CLANG_WARN_OBJC_LITERAL_CONVERSION = YES;
				CLANG_WARN_OBJC_ROOT_CLASS = YES_ERROR;
				CLANG_WARN_RANGE_LOOP_ANALYSIS = YES;
				CLANG_WARN_STRICT_PROTOTYPES = YES;
				CLANG_WARN_SUSPICIOUS_MOVE = YES;
				CLANG_WARN_UNGUARDED_AVAILABILITY = YES_AGGRESSIVE;
				CLANG_WARN_UNREACHABLE_CODE = YES;
				CLANG_WARN__DUPLICATE_METHOD_MATCH = YES;
				COPY_PHASE_STRIP = NO;
				DEBUG_INFORMATION_FORMAT = dwarf;
				ENABLE_STRICT_OBJC_MSGSEND = YES;
				ENABLE_TESTABILITY = YES;
				GCC_C_LANGUAGE_STANDARD = gnu11;
				GCC_DYNAMIC_NO_PIC = NO;
				GCC_NO_COMMON_BLOCKS = YES;
				GCC_OPTIMIZATION_LEVEL = 0;
				GCC_PREPROCESSOR_DEFINITIONS = (
					"DEBUG=1",
					"$(inherited)",
				);
				GCC_WARN_64_TO_32_BIT_CONVERSION = YES;
				GCC_WARN_ABOUT_RETURN_TYPE = YES_ERROR;
				GCC_WARN_UNDECLARED_SELECTOR = YES;
				GCC_WARN_UNINITIALIZED_AUTOS = YES_AGGRESSIVE;
				GCC_WARN_UNUSED_FUNCTION = YES;
				GCC_WARN_UNUSED_VARIABLE = YES;
				IPHONEOS_DEPLOYMENT_TARGET = 13.7;
				MTL_ENABLE_DEBUG_INFO = INCLUDE_SOURCE;
				MTL_FAST_MATH = YES;
				ONLY_ACTIVE_ARCH = YES;
				SDKROOT = iphoneos;
				SWIFT_ACTIVE_COMPILATION_CONDITIONS = DEBUG;
				SWIFT_OPTIMIZATION_LEVEL = "-Onone";
			};
			name = Debug;
		};
		47D2D2A425164B6F00B8EBBD /* Release */ = {
			isa = XCBuildConfiguration;
			buildSettings = {
				ALWAYS_SEARCH_USER_PATHS = NO;
				CLANG_ANALYZER_NONNULL = YES;
				CLANG_ANALYZER_NUMBER_OBJECT_CONVERSION = YES_AGGRESSIVE;
				CLANG_CXX_LANGUAGE_STANDARD = "gnu++14";
				CLANG_CXX_LIBRARY = "libc++";
				CLANG_ENABLE_MODULES = YES;
				CLANG_ENABLE_OBJC_ARC = YES;
				CLANG_ENABLE_OBJC_WEAK = YES;
				CLANG_WARN_BLOCK_CAPTURE_AUTORELEASING = YES;
				CLANG_WARN_BOOL_CONVERSION = YES;
				CLANG_WARN_COMMA = YES;
				CLANG_WARN_CONSTANT_CONVERSION = YES;
				CLANG_WARN_DEPRECATED_OBJC_IMPLEMENTATIONS = YES;
				CLANG_WARN_DIRECT_OBJC_ISA_USAGE = YES_ERROR;
				CLANG_WARN_DOCUMENTATION_COMMENTS = YES;
				CLANG_WARN_EMPTY_BODY = YES;
				CLANG_WARN_ENUM_CONVERSION = YES;
				CLANG_WARN_INFINITE_RECURSION = YES;
				CLANG_WARN_INT_CONVERSION = YES;
				CLANG_WARN_NON_LITERAL_NULL_CONVERSION = YES;
				CLANG_WARN_OBJC_IMPLICIT_RETAIN_SELF = YES;
				CLANG_WARN_OBJC_LITERAL_CONVERSION = YES;
				CLANG_WARN_OBJC_ROOT_CLASS = YES_ERROR;
				CLANG_WARN_RANGE_LOOP_ANALYSIS = YES;
				CLANG_WARN_STRICT_PROTOTYPES = YES;
				CLANG_WARN_SUSPICIOUS_MOVE = YES;
				CLANG_WARN_UNGUARDED_AVAILABILITY = YES_AGGRESSIVE;
				CLANG_WARN_UNREACHABLE_CODE = YES;
				CLANG_WARN__DUPLICATE_METHOD_MATCH = YES;
				COPY_PHASE_STRIP = NO;
				DEBUG_INFORMATION_FORMAT = "dwarf-with-dsym";
				ENABLE_NS_ASSERTIONS = NO;
				ENABLE_STRICT_OBJC_MSGSEND = YES;
				GCC_C_LANGUAGE_STANDARD = gnu11;
				GCC_NO_COMMON_BLOCKS = YES;
				GCC_WARN_64_TO_32_BIT_CONVERSION = YES;
				GCC_WARN_ABOUT_RETURN_TYPE = YES_ERROR;
				GCC_WARN_UNDECLARED_SELECTOR = YES;
				GCC_WARN_UNINITIALIZED_AUTOS = YES_AGGRESSIVE;
				GCC_WARN_UNUSED_FUNCTION = YES;
				GCC_WARN_UNUSED_VARIABLE = YES;
				IPHONEOS_DEPLOYMENT_TARGET = 13.7;
				MTL_ENABLE_DEBUG_INFO = NO;
				MTL_FAST_MATH = YES;
				SDKROOT = iphoneos;
				SWIFT_COMPILATION_MODE = wholemodule;
				SWIFT_OPTIMIZATION_LEVEL = "-O";
				VALIDATE_PRODUCT = YES;
			};
			name = Release;
		};
		47D2D2A625164B6F00B8EBBD /* Debug */ = {
			isa = XCBuildConfiguration;
			baseConfigurationReference = 16C5688461BA45CA8B22A574 /* Pods-Test Mister Auto.debug.xcconfig */;
			buildSettings = {
				ASSETCATALOG_COMPILER_APPICON_NAME = AppIcon;
				CODE_SIGN_STYLE = Automatic;
				INFOPLIST_FILE = "Test Mister Auto/Supporting Files/Info.plist";
				LD_RUNPATH_SEARCH_PATHS = (
					"$(inherited)",
					"@executable_path/Frameworks",
				);
				PRODUCT_BUNDLE_IDENTIFIER = "hajajate.Test-Mister-Auto";
				PRODUCT_NAME = "$(TARGET_NAME)";
				SWIFT_VERSION = 5.0;
				TARGETED_DEVICE_FAMILY = "1,2";
			};
			name = Debug;
		};
		47D2D2A725164B6F00B8EBBD /* Release */ = {
			isa = XCBuildConfiguration;
			baseConfigurationReference = 3E5A38090FCB0B8892286F00 /* Pods-Test Mister Auto.release.xcconfig */;
			buildSettings = {
				ASSETCATALOG_COMPILER_APPICON_NAME = AppIcon;
				CODE_SIGN_STYLE = Automatic;
				INFOPLIST_FILE = "Test Mister Auto/Supporting Files/Info.plist";
				LD_RUNPATH_SEARCH_PATHS = (
					"$(inherited)",
					"@executable_path/Frameworks",
				);
				PRODUCT_BUNDLE_IDENTIFIER = "hajajate.Test-Mister-Auto";
				PRODUCT_NAME = "$(TARGET_NAME)";
				SWIFT_VERSION = 5.0;
				TARGETED_DEVICE_FAMILY = "1,2";
			};
			name = Release;
		};
		47D2D2A925164B6F00B8EBBD /* Debug */ = {
			isa = XCBuildConfiguration;
			baseConfigurationReference = E7B7CAB991F59C9DB87055C8 /* Pods-Test Mister AutoTests.debug.xcconfig */;
			buildSettings = {
				ALWAYS_EMBED_SWIFT_STANDARD_LIBRARIES = YES;
				BUNDLE_LOADER = "$(TEST_HOST)";
				CODE_SIGN_STYLE = Automatic;
				INFOPLIST_FILE = "Test Mister AutoTests/Info.plist";
				IPHONEOS_DEPLOYMENT_TARGET = 13.7;
				LD_RUNPATH_SEARCH_PATHS = (
					"$(inherited)",
					"@executable_path/Frameworks",
					"@loader_path/Frameworks",
				);
				PRODUCT_BUNDLE_IDENTIFIER = "hajajate.Test-Mister-AutoTests";
				PRODUCT_NAME = "$(TARGET_NAME)";
				SWIFT_VERSION = 5.0;
				TARGETED_DEVICE_FAMILY = "1,2";
				TEST_HOST = "$(BUILT_PRODUCTS_DIR)/Test Mister Auto.app/Test Mister Auto";
			};
			name = Debug;
		};
		47D2D2AA25164B6F00B8EBBD /* Release */ = {
			isa = XCBuildConfiguration;
			baseConfigurationReference = 5CE65EB08CAC2C857CF3DF54 /* Pods-Test Mister AutoTests.release.xcconfig */;
			buildSettings = {
				ALWAYS_EMBED_SWIFT_STANDARD_LIBRARIES = YES;
				BUNDLE_LOADER = "$(TEST_HOST)";
				CODE_SIGN_STYLE = Automatic;
				INFOPLIST_FILE = "Test Mister AutoTests/Info.plist";
				IPHONEOS_DEPLOYMENT_TARGET = 13.7;
				LD_RUNPATH_SEARCH_PATHS = (
					"$(inherited)",
					"@executable_path/Frameworks",
					"@loader_path/Frameworks",
				);
				PRODUCT_BUNDLE_IDENTIFIER = "hajajate.Test-Mister-AutoTests";
				PRODUCT_NAME = "$(TARGET_NAME)";
				SWIFT_VERSION = 5.0;
				TARGETED_DEVICE_FAMILY = "1,2";
				TEST_HOST = "$(BUILT_PRODUCTS_DIR)/Test Mister Auto.app/Test Mister Auto";
			};
			name = Release;
		};
		47D2D2AC25164B6F00B8EBBD /* Debug */ = {
			isa = XCBuildConfiguration;
			baseConfigurationReference = CF135C8863FF77268D7D70A4 /* Pods-Test Mister Auto-Test Mister AutoUITests.debug.xcconfig */;
			buildSettings = {
				ALWAYS_EMBED_SWIFT_STANDARD_LIBRARIES = YES;
				CODE_SIGN_STYLE = Automatic;
				INFOPLIST_FILE = "Test Mister AutoUITests/Info.plist";
				LD_RUNPATH_SEARCH_PATHS = (
					"$(inherited)",
					"@executable_path/Frameworks",
					"@loader_path/Frameworks",
				);
				PRODUCT_BUNDLE_IDENTIFIER = "hajajate.Test-Mister-AutoUITests";
				PRODUCT_NAME = "$(TARGET_NAME)";
				SWIFT_VERSION = 5.0;
				TARGETED_DEVICE_FAMILY = "1,2";
				TEST_TARGET_NAME = "Test Mister Auto";
			};
			name = Debug;
		};
		47D2D2AD25164B6F00B8EBBD /* Release */ = {
			isa = XCBuildConfiguration;
			baseConfigurationReference = 7AECB954209CF0E4034767B4 /* Pods-Test Mister Auto-Test Mister AutoUITests.release.xcconfig */;
			buildSettings = {
				ALWAYS_EMBED_SWIFT_STANDARD_LIBRARIES = YES;
				CODE_SIGN_STYLE = Automatic;
				INFOPLIST_FILE = "Test Mister AutoUITests/Info.plist";
				LD_RUNPATH_SEARCH_PATHS = (
					"$(inherited)",
					"@executable_path/Frameworks",
					"@loader_path/Frameworks",
				);
				PRODUCT_BUNDLE_IDENTIFIER = "hajajate.Test-Mister-AutoUITests";
				PRODUCT_NAME = "$(TARGET_NAME)";
				SWIFT_VERSION = 5.0;
				TARGETED_DEVICE_FAMILY = "1,2";
				TEST_TARGET_NAME = "Test Mister Auto";
			};
			name = Release;
		};
/* End XCBuildConfiguration section */

/* Begin XCConfigurationList section */
		47D2D27625164B6C00B8EBBD /* Build configuration list for PBXProject "Test Mister Auto" */ = {
			isa = XCConfigurationList;
			buildConfigurations = (
				47D2D2A325164B6F00B8EBBD /* Debug */,
				47D2D2A425164B6F00B8EBBD /* Release */,
			);
			defaultConfigurationIsVisible = 0;
			defaultConfigurationName = Release;
		};
		47D2D2A525164B6F00B8EBBD /* Build configuration list for PBXNativeTarget "Test Mister Auto" */ = {
			isa = XCConfigurationList;
			buildConfigurations = (
				47D2D2A625164B6F00B8EBBD /* Debug */,
				47D2D2A725164B6F00B8EBBD /* Release */,
			);
			defaultConfigurationIsVisible = 0;
			defaultConfigurationName = Release;
		};
		47D2D2A825164B6F00B8EBBD /* Build configuration list for PBXNativeTarget "Test Mister AutoTests" */ = {
			isa = XCConfigurationList;
			buildConfigurations = (
				47D2D2A925164B6F00B8EBBD /* Debug */,
				47D2D2AA25164B6F00B8EBBD /* Release */,
			);
			defaultConfigurationIsVisible = 0;
			defaultConfigurationName = Release;
		};
		47D2D2AB25164B6F00B8EBBD /* Build configuration list for PBXNativeTarget "Test Mister AutoUITests" */ = {
			isa = XCConfigurationList;
			buildConfigurations = (
				47D2D2AC25164B6F00B8EBBD /* Debug */,
				47D2D2AD25164B6F00B8EBBD /* Release */,
			);
			defaultConfigurationIsVisible = 0;
			defaultConfigurationName = Release;
		};
/* End XCConfigurationList section */
	};
	rootObject = 47D2D27325164B6C00B8EBBD /* Project object */;
}
